
Microsoft Visual Studio Solution File, Format Version 11.00
# Visual Studio 2010
Project("{FAE04EC0-301F-11D3-BF4B-00C04F79EFBC}") = "LocalizedBundles", "LocalizedBundles\LocalizedBundles.csproj", "{A3CD5166-87BD-4677-B2DE-3756DDAEEF17}"
EndProject
Global
	GlobalSection(SolutionConfigurationPlatforms) = preSolution
		Debug|Any CPU = Debug|Any CPU
		Release|Any CPU = Release|Any CPU
	EndGlobalSection
	GlobalSection(ProjectConfigurationPlatforms) = postSolution
		{A3CD5166-87BD-4677-B2DE-3756DDAEEF17}.Debug|Any CPU.ActiveCfg = Debug|Any CPU
		{A3CD5166-87BD-4677-B2DE-3756DDAEEF17}.Debug|Any CPU.Build.0 = Debug|Any CPU
		{A3CD5166-87BD-4677-B2DE-3756DDAEEF17}.Release|Any CPU.ActiveCfg = Release|Any CPU
		{A3CD5166-87BD-4677-B2DE-3756DDAEEF17}.Release|Any CPU.Build.0 = Release|Any CPU
	EndGlobalSection
	GlobalSection(SolutionProperties) = preSolution
		HideSolutionNode = FALSE
	EndGlobalSection
EndGlobal
